
Microsoft Visual Studio Solution File, Format Version 12.00
# Visual Studio Version 16
VisualStudioVersion = 16.0.31911.196
MinimumVisualStudioVersion = 10.0.40219.1
Project("{FAE04EC0-301F-11D3-BF4B-00C04F79EFBC}") = "Lab02-01", "Lab02-01\Lab02-01.csproj", "{EC2E0CB9-28BF-40A5-8758-4BE24D18B3F2}"
EndProject
Global
	GlobalSection(SolutionConfigurationPlatforms) = preSolution
		Debug|Any CPU = Debug|Any CPU
		Release|Any CPU = Release|Any CPU
	EndGlobalSection
	GlobalSection(ProjectConfigurationPlatforms) = postSolution
		{EC2E0CB9-28BF-40A5-8758-4BE24D18B3F2}.Debug|Any CPU.ActiveCfg = Debug|Any CPU
		{EC2E0CB9-28BF-40A5-8758-4BE24D18B3F2}.Debug|Any CPU.Build.0 = Debug|Any CPU
		{EC2E0CB9-28BF-40A5-8758-4BE24D18B3F2}.Release|Any CPU.ActiveCfg = Release|Any CPU
		{EC2E0CB9-28BF-40A5-8758-4BE24D18B3F2}.Release|Any CPU.Build.0 = Release|Any CPU
	EndGlobalSection
	GlobalSection(SolutionProperties) = preSolution
		HideSolutionNode = FALSE
	EndGlobalSection
	GlobalSection(ExtensibilityGlobals) = postSolution
		SolutionGuid = {ABF8A082-9C76-4BB1-998F-E4C7EADD8413}
	EndGlobalSection
EndGlobal
